Microsoft Visual Studio Solution File, Format Version 12.00
# Visual Studio 15
VisualStudioVersion = 15.0.27004.2008
MinimumVisualStudioVersion = 15.0.26124.0
Project("{9A19103F-16F7-4668-BE54-9A1E7A4F7556}") = "Neuro", "Neuro\Neuro.csproj", "{507221C2-6B1E-41B9-B14C-F5D17CBA6CAB}"
EndProject
Project("{9A19103F-16F7-4668-BE54-9A1E7A4F7556}") = "Neuro.Tests", "Neuro.Tests\Neuro.Tests.csproj", "{B1F57065-2508-4464-B8AB-7FDCB5FBE63C}"
EndProject
Global
	GlobalSection(SolutionConfigurationPlatforms) = preSolution
		Debug|Any CPU = Debug|Any CPU
		Debug|x64 = Debug|x64
		Debug|x86 = Debug|x86
		Release|Any CPU = Release|Any CPU
		Release|x64 = Release|x64
		Release|x86 = Release|x86
	EndGlobalSection
	GlobalSection(ProjectConfigurationPlatforms) = postSolution
		{507221C2-6B1E-41B9-B14C-F5D17CBA6CAB}.Debug|Any CPU.ActiveCfg = Debug|Any CPU
		{507221C2-6B1E-41B9-B14C-F5D17CBA6CAB}.Debug|Any CPU.Build.0 = Debug|Any CPU
		{507221C2-6B1E-41B9-B14C-F5D17CBA6CAB}.Debug|x64.ActiveCfg = Debug|Any CPU
		{507221C2-6B1E-41B9-B14C-F5D17CBA6CAB}.Debug|x64.Build.0 = Debug|Any CPU
		{507221C2-6B1E-41B9-B14C-F5D17CBA6CAB}.Debug|x86.ActiveCfg = Debug|Any CPU
		{507221C2-6B1E-41B9-B14C-F5D17CBA6CAB}.Debug|x86.Build.0 = Debug|Any CPU
		{507221C2-6B1E-41B9-B14C-F5D17CBA6CAB}.Release|Any CPU.ActiveCfg = Release|Any CPU
		{507221C2-6B1E-41B9-B14C-F5D17CBA6CAB}.Release|Any CPU.Build.0 = Release|Any CPU
		{507221C2-6B1E-41B9-B14C-F5D17CBA6CAB}.Release|x64.ActiveCfg = Release|Any CPU
		{507221C2-6B1E-41B9-B14C-F5D17CBA6CAB}.Release|x64.Build.0 = Release|Any CPU
		{507221C2-6B1E-41B9-B14C-F5D17CBA6CAB}.Release|x86.ActiveCfg = Release|Any CPU
		{507221C2-6B1E-41B9-B14C-F5D17CBA6CAB}.Release|x86.Build.0 = Release|Any CPU
		{B1F57065-2508-4464-B8AB-7FDCB5FBE63C}.Debug|Any CPU.ActiveCfg = Debug|Any CPU
		{B1F57065-2508-4464-B8AB-7FDCB5FBE63C}.Debug|Any CPU.Build.0 = Debug|Any CPU
		{B1F57065-2508-4464-B8AB-7FDCB5FBE63C}.Debug|x64.ActiveCfg = Debug|Any CPU
		{B1F57065-2508-4464-B8AB-7FDCB5FBE63C}.Debug|x64.Build.0 = Debug|Any CPU
		{B1F57065-2508-4464-B8AB-7FDCB5FBE63C}.Debug|x86.ActiveCfg = Debug|Any CPU
		{B1F57065-2508-4464-B8AB-7FDCB5FBE63C}.Debug|x86.Build.0 = Debug|Any CPU
		{B1F57065-2508-4464-B8AB-7FDCB5FBE63C}.Release|Any CPU.ActiveCfg = Release|Any CPU
		{B1F57065-2508-4464-B8AB-7FDCB5FBE63C}.Release|Any CPU.Build.0 = Release|Any CPU
		{B1F57065-2508-4464-B8AB-7FDCB5FBE63C}.Release|x64.ActiveCfg = Release|Any CPU
		{B1F57065-2508-4464-B8AB-7FDCB5FBE63C}.Release|x64.Build.0 = Release|Any CPU
		{B1F57065-2508-4464-B8AB-7FDCB5FBE63C}.Release|x86.ActiveCfg = Release|Any CPU
		{B1F57065-2508-4464-B8AB-7FDCB5FBE63C}.Release|x86.Build.0 = Release|Any CPU
	EndGlobalSection
	GlobalSection(SolutionProperties) = preSolution
		HideSolutionNode = FALSE
	EndGlobalSection
	GlobalSection(ExtensibilityGlobals) = postSolution
		SolutionGuid = {B036E7C7-4D8E-4FC8-A3A5-8138B67575BD}
	EndGlobalSection
EndGlobal
